// !$*UTF8*$!
{
	archiveVersion = 1;
	classes = {
	};
	objectVersion = 77;
	objects = {

/* Begin PBXBuildFile section */
		9D05A6422CD2DB9100078F77 /* FirebaseAnalytics in Frameworks */ = {isa = PBXBuildFile; productRef = 9D05A6412CD2DB9100078F77 /* FirebaseAnalytics */; };
		9D05A6442CD2DB9100078F77 /* FirebaseAnalyticsOnDeviceConversion in Frameworks */ = {isa = PBXBuildFile; productRef = 9D05A6432CD2DB9100078F77 /* FirebaseAnalyticsOnDeviceConversion */; };
		9D05A6462CD2DB9100078F77 /* FirebaseAnalyticsWithoutAdIdSupport in Frameworks */ = {isa = PBXBuildFile; productRef = 9D05A6452CD2DB9100078F77 /* FirebaseAnalyticsWithoutAdIdSupport */; };
		9D05A6482CD2DB9100078F77 /* FirebaseAppCheck in Frameworks */ = {isa = PBXBuildFile; productRef = 9D05A6472CD2DB9100078F77 /* FirebaseAppCheck */; };
		9D05A64A2CD2DB9100078F77 /* FirebaseAppDistribution-Beta in Frameworks */ = {isa = PBXBuildFile; productRef = 9D05A6492CD2DB9100078F77 /* FirebaseAppDistribution-Beta */; };
		9D05A64C2CD2DDB100078F77 /* FirebaseAnalytics in Frameworks */ = {isa = PBXBuildFile; productRef = 9D05A64B2CD2DDB100078F77 /* FirebaseAnalytics */; };
		9D05A64E2CD2DDB100078F77 /* FirebaseAnalyticsOnDeviceConversion in Frameworks */ = {isa = PBXBuildFile; productRef = 9D05A64D2CD2DDB100078F77 /* FirebaseAnalyticsOnDeviceConversion */; };
		9D05A6502CD2DDB100078F77 /* FirebaseAnalyticsWithoutAdIdSupport in Frameworks */ = {isa = PBXBuildFile; productRef = 9D05A64F2CD2DDB100078F77 /* FirebaseAnalyticsWithoutAdIdSupport */; };
		9D05A6522CD2DDB100078F77 /* FirebaseAppCheck in Frameworks */ = {isa = PBXBuildFile; productRef = 9D05A6512CD2DDB100078F77 /* FirebaseAppCheck */; };
		9D05A6542CD2DDB100078F77 /* FirebaseAppDistribution-Beta in Frameworks */ = {isa = PBXBuildFile; productRef = 9D05A6532CD2DDB100078F77 /* FirebaseAppDistribution-Beta */; };
		9D05A6562CD2DDCF00078F77 /* FirebaseAnalytics in Frameworks */ = {isa = PBXBuildFile; productRef = 9D05A6552CD2DDCF00078F77 /* FirebaseAnalytics */; };
		9D05A6582CD2DDCF00078F77 /* FirebaseAnalyticsOnDeviceConversion in Frameworks */ = {isa = PBXBuildFile; productRef = 9D05A6572CD2DDCF00078F77 /* FirebaseAnalyticsOnDeviceConversion */; };
		9D05A65A2CD2DDCF00078F77 /* FirebaseAnalyticsWithoutAdIdSupport in Frameworks */ = {isa = PBXBuildFile; productRef = 9D05A6592CD2DDCF00078F77 /* FirebaseAnalyticsWithoutAdIdSupport */; };
		9D05A65C2CD2DDCF00078F77 /* FirebaseAppCheck in Frameworks */ = {isa = PBXBuildFile; productRef = 9D05A65B2CD2DDCF00078F77 /* FirebaseAppCheck */; };
		9D05A65E2CD2DDCF00078F77 /* FirebaseAppDistribution-Beta in Frameworks */ = {isa = PBXBuildFile; productRef = 9D05A65D2CD2DDCF00078F77 /* FirebaseAppDistribution-Beta */; };
		9D05A6612CD2E37B00078F77 /* FirebaseAuth in Frameworks */ = {isa = PBXBuildFile; productRef = 9D05A6602CD2E37B00078F77 /* FirebaseAuth */; };
		9D05A67A2CD2E80500078F77 /* FirebaseCore in Frameworks */ = {isa = PBXBuildFile; productRef = 9D05A6792CD2E80500078F77 /* FirebaseCore */; };
/* End PBXBuildFile section */

/* Begin PBXContainerItemProxy section */
		9DDFF86E2CBDDF8E00CE2729 /* PBXContainerItemProxy */ = {
			isa = PBXContainerItemProxy;
			containerPortal = 9DDFF8532CBDDF8C00CE2729 /* Project object */;
			proxyType = 1;
			remoteGlobalIDString = 9DDFF85A2CBDDF8C00CE2729;
			remoteInfo = Image_steganography_by_sofiae;
		};
		9DDFF8782CBDDF8E00CE2729 /* PBXContainerItemProxy */ = {
			isa = PBXContainerItemProxy;
			containerPortal = 9DDFF8532CBDDF8C00CE2729 /* Project object */;
			proxyType = 1;
			remoteGlobalIDString = 9DDFF85A2CBDDF8C00CE2729;
			remoteInfo = Image_steganography_by_sofiae;
		};
/* End PBXContainerItemProxy section */

/* Begin PBXFileReference section */
		9DDFF85B2CBDDF8C00CE2729 /* Image_steganography_by_sofiae.app */ = {isa = PBXFileReference; explicitFileType = wrapper.application; includeInIndex = 0; path = Image_steganography_by_sofiae.app; sourceTree = BUILT_PRODUCTS_DIR; };
		9DDFF86D2CBDDF8E00CE2729 /* Image_steganography_by_sofiaeTests.xctest */ = {isa = PBXFileReference; explicitFileType = wrapper.cfbundle; includeInIndex = 0; path = Image_steganography_by_sofiaeTests.xctest; sourceTree = BUILT_PRODUCTS_DIR; };
		9DDFF8772CBDDF8E00CE2729 /* Image_steganography_by_sofiaeUITests.xctest */ = {isa = PBXFileReference; explicitFileType = wrapper.cfbundle; includeInIndex = 0; path = Image_steganography_by_sofiaeUITests.xctest; sourceTree = BUILT_PRODUCTS_DIR; };
/* End PBXFileReference section */

/* Begin PBXFileSystemSynchronizedRootGroup section */
		9DDFF85D2CBDDF8C00CE2729 /* Image_steganography_by_sofiae */ = {
			isa = PBXFileSystemSynchronizedRootGroup;
			path = Image_steganography_by_sofiae;
			sourceTree = "<group>";
		};
		9DDFF8702CBDDF8E00CE2729 /* Image_steganography_by_sofiaeTests */ = {
			isa = PBXFileSystemSynchronizedRootGroup;
			path = Image_steganography_by_sofiaeTests;
			sourceTree = "<group>";
		};
		9DDFF87A2CBDDF8E00CE2729 /* Image_steganography_by_sofiaeUITests */ = {
			isa = PBXFileSystemSynchronizedRootGroup;
			path = Image_steganography_by_sofiaeUITests;
			sourceTree = "<group>";
		};
		9DFF29472CDD78F900FAC65A /* Preview Content */ = {
			isa = PBXFileSystemSynchronizedRootGroup;
			path = "Preview Content";
			sourceTree = "<group>";
		};
/* End PBXFileSystemSynchronizedRootGroup section */

/* Begin PBXFrameworksBuildPhase section */
		9DDFF8582CBDDF8C00CE2729 /* Frameworks */ = {
			isa = PBXFrameworksBuildPhase;
			buildActionMask = 2147483647;
			files = (
				9D05A6482CD2DB9100078F77 /* FirebaseAppCheck in Frameworks */,
				9D05A6612CD2E37B00078F77 /* FirebaseAuth in Frameworks */,
				9D05A6422CD2DB9100078F77 /* FirebaseAnalytics in Frameworks */,
				9D05A64A2CD2DB9100078F77 /* FirebaseAppDistribution-Beta in Frameworks */,
				9D05A67A2CD2E80500078F77 /* FirebaseCore in Frameworks */,
				9D05A6462CD2DB9100078F77 /* FirebaseAnalyticsWithoutAdIdSupport in Frameworks */,
				9D05A6442CD2DB9100078F77 /* FirebaseAnalyticsOnDeviceConversion in Frameworks */,
			);
			runOnlyForDeploymentPostprocessing = 0;
		};
		9DDFF86A2CBDDF8E00CE2729 /* Frameworks */ = {
			isa = PBXFrameworksBuildPhase;
			buildActionMask = 2147483647;
			files = (
				9D05A6522CD2DDB100078F77 /* FirebaseAppCheck in Frameworks */,
				9D05A64C2CD2DDB100078F77 /* FirebaseAnalytics in Frameworks */,
				9D05A6542CD2DDB100078F77 /* FirebaseAppDistribution-Beta in Frameworks */,
				9D05A6502CD2DDB100078F77 /* FirebaseAnalyticsWithoutAdIdSupport in Frameworks */,
				9D05A64E2CD2DDB100078F77 /* FirebaseAnalyticsOnDeviceConversion in Frameworks */,
			);
			runOnlyForDeploymentPostprocessing = 0;
		};
		9DDFF8742CBDDF8E00CE2729 /* Frameworks */ = {
			isa = PBXFrameworksBuildPhase;
			buildActionMask = 2147483647;
			files = (
				9D05A65C2CD2DDCF00078F77 /* FirebaseAppCheck in Frameworks */,
				9D05A6562CD2DDCF00078F77 /* FirebaseAnalytics in Frameworks */,
				9D05A65E2CD2DDCF00078F77 /* FirebaseAppDistribution-Beta in Frameworks */,
				9D05A65A2CD2DDCF00078F77 /* FirebaseAnalyticsWithoutAdIdSupport in Frameworks */,
				9D05A6582CD2DDCF00078F77 /* FirebaseAnalyticsOnDeviceConversion in Frameworks */,
			);
			runOnlyForDeploymentPostprocessing = 0;
		};
/* End PBXFrameworksBuildPhase section */

/* Begin PBXGroup section */
		9D05A65F2CD2E37B00078F77 /* Frameworks */ = {
			isa = PBXGroup;
			children = (
			);
			name = Frameworks;
			sourceTree = "<group>";
		};
		9DDFF8522CBDDF8C00CE2729 = {
			isa = PBXGroup;
			children = (
				9DFF29472CDD78F900FAC65A /* Preview Content */,
				9DDFF85D2CBDDF8C00CE2729 /* Image_steganography_by_sofiae */,
				9DDFF8702CBDDF8E00CE2729 /* Image_steganography_by_sofiaeTests */,
				9DDFF87A2CBDDF8E00CE2729 /* Image_steganography_by_sofiaeUITests */,
				9D05A65F2CD2E37B00078F77 /* Frameworks */,
				9DDFF85C2CBDDF8C00CE2729 /* Products */,
			);
			sourceTree = "<group>";
		};
		9DDFF85C2CBDDF8C00CE2729 /* Products */ = {
			isa = PBXGroup;
			children = (
				9DDFF85B2CBDDF8C00CE2729 /* Image_steganography_by_sofiae.app */,
				9DDFF86D2CBDDF8E00CE2729 /* Image_steganography_by_sofiaeTests.xctest */,
				9DDFF8772CBDDF8E00CE2729 /* Image_steganography_by_sofiaeUITests.xctest */,
			);
			name = Products;
			sourceTree = "<group>";
		};
/* End PBXGroup section */

/* Begin PBXNativeTarget section */
		9DDFF85A2CBDDF8C00CE2729 /* Image_steganography_by_sofiae */ = {
			isa = PBXNativeTarget;
			buildConfigurationList = 9DDFF8812CBDDF8E00CE2729 /* Build configuration list for PBXNativeTarget "Image_steganography_by_sofiae" */;
			buildPhases = (
				9DDFF8572CBDDF8C00CE2729 /* Sources */,
				9DDFF8582CBDDF8C00CE2729 /* Frameworks */,
				9DDFF8592CBDDF8C00CE2729 /* Resources */,
			);
			buildRules = (
			);
			dependencies = (
			);
			fileSystemSynchronizedGroups = (
				9DDFF85D2CBDDF8C00CE2729 /* Image_steganography_by_sofiae */,
				9DFF29472CDD78F900FAC65A /* Preview Content */,
			);
			name = Image_steganography_by_sofiae;
			packageProductDependencies = (
				9D05A6412CD2DB9100078F77 /* FirebaseAnalytics */,
				9D05A6432CD2DB9100078F77 /* FirebaseAnalyticsOnDeviceConversion */,
				9D05A6452CD2DB9100078F77 /* FirebaseAnalyticsWithoutAdIdSupport */,
				9D05A6472CD2DB9100078F77 /* FirebaseAppCheck */,
				9D05A6492CD2DB9100078F77 /* FirebaseAppDistribution-Beta */,
				9D05A6602CD2E37B00078F77 /* FirebaseAuth */,
				9D05A6792CD2E80500078F77 /* FirebaseCore */,
			);
			productName = Image_steganography_by_sofiae;
			productReference = 9DDFF85B2CBDDF8C00CE2729 /* Image_steganography_by_sofiae.app */;
			productType = "com.apple.product-type.application";
		};
		9DDFF86C2CBDDF8E00CE2729 /* Image_steganography_by_sofiaeTests */ = {
			isa = PBXNativeTarget;
			buildConfigurationList = 9DDFF8842CBDDF8E00CE2729 /* Build configuration list for PBXNativeTarget "Image_steganography_by_sofiaeTests" */;
			buildPhases = (
				9DDFF8692CBDDF8E00CE2729 /* Sources */,
				9DDFF86A2CBDDF8E00CE2729 /* Frameworks */,
				9DDFF86B2CBDDF8E00CE2729 /* Resources */,
			);
			buildRules = (
			);
			dependencies = (
				9DDFF86F2CBDDF8E00CE2729 /* PBXTargetDependency */,
			);
			fileSystemSynchronizedGroups = (
				9DDFF8702CBDDF8E00CE2729 /* Image_steganography_by_sofiaeTests */,
			);
			name = Image_steganography_by_sofiaeTests;
			packageProductDependencies = (
				9D05A64B2CD2DDB100078F77 /* FirebaseAnalytics */,
				9D05A64D2CD2DDB100078F77 /* FirebaseAnalyticsOnDeviceConversion */,
				9D05A64F2CD2DDB100078F77 /* FirebaseAnalyticsWithoutAdIdSupport */,
				9D05A6512CD2DDB100078F77 /* FirebaseAppCheck */,
				9D05A6532CD2DDB100078F77 /* FirebaseAppDistribution-Beta */,
			);
			productName = Image_steganography_by_sofiaeTests;
			productReference = 9DDFF86D2CBDDF8E00CE2729 /* Image_steganography_by_sofiaeTests.xctest */;
			productType = "com.apple.product-type.bundle.unit-test";
		};
		9DDFF8762CBDDF8E00CE2729 /* Image_steganography_by_sofiaeUITests */ = {
			isa = PBXNativeTarget;
			buildConfigurationList = 9DDFF8872CBDDF8E00CE2729 /* Build configuration list for PBXNativeTarget "Image_steganography_by_sofiaeUITests" */;
			buildPhases = (
				9DDFF8732CBDDF8E00CE2729 /* Sources */,
				9DDFF8742CBDDF8E00CE2729 /* Frameworks */,
				9DDFF8752CBDDF8E00CE2729 /* Resources */,
			);
			buildRules = (
			);
			dependencies = (
				9DDFF8792CBDDF8E00CE2729 /* PBXTargetDependency */,
			);
			fileSystemSynchronizedGroups = (
				9DDFF87A2CBDDF8E00CE2729 /* Image_steganography_by_sofiaeUITests */,
			);
			name = Image_steganography_by_sofiaeUITests;
			packageProductDependencies = (
				9D05A6552CD2DDCF00078F77 /* FirebaseAnalytics */,
				9D05A6572CD2DDCF00078F77 /* FirebaseAnalyticsOnDeviceConversion */,
				9D05A6592CD2DDCF00078F77 /* FirebaseAnalyticsWithoutAdIdSupport */,
				9D05A65B2CD2DDCF00078F77 /* FirebaseAppCheck */,
				9D05A65D2CD2DDCF00078F77 /* FirebaseAppDistribution-Beta */,
			);
			productName = Image_steganography_by_sofiaeUITests;
			productReference = 9DDFF8772CBDDF8E00CE2729 /* Image_steganography_by_sofiaeUITests.xctest */;
			productType = "com.apple.product-type.bundle.ui-testing";
		};
/* End PBXNativeTarget section */

/* Begin PBXProject section */
		9DDFF8532CBDDF8C00CE2729 /* Project object */ = {
			isa = PBXProject;
			attributes = {
				BuildIndependentTargetsInParallel = 1;
				LastSwiftUpdateCheck = 1600;
				LastUpgradeCheck = 1600;
				TargetAttributes = {
					9DDFF85A2CBDDF8C00CE2729 = {
						CreatedOnToolsVersion = 16.0;
					};
					9DDFF86C2CBDDF8E00CE2729 = {
						CreatedOnToolsVersion = 16.0;
						TestTargetID = 9DDFF85A2CBDDF8C00CE2729;
					};
					9DDFF8762CBDDF8E00CE2729 = {
						CreatedOnToolsVersion = 16.0;
						TestTargetID = 9DDFF85A2CBDDF8C00CE2729;
					};
				};
			};
			buildConfigurationList = 9DDFF8562CBDDF8C00CE2729 /* Build configuration list for PBXProject "Image_steganography_by_sofiae" */;
			developmentRegion = en;
			hasScannedForEncodings = 0;
			knownRegions = (
				en,
				Base,
			);
			mainGroup = 9DDFF8522CBDDF8C00CE2729;
			minimizedProjectReferenceProxies = 1;
			packageReferences = (
				9D05A6402CD2DB9100078F77 /* XCRemoteSwiftPackageReference "firebase-ios-sdk" */,
			);
			preferredProjectObjectVersion = 77;
			productRefGroup = 9DDFF85C2CBDDF8C00CE2729 /* Products */;
			projectDirPath = "";
			projectRoot = "";
			targets = (
				9DDFF85A2CBDDF8C00CE2729 /* Image_steganography_by_sofiae */,
				9DDFF86C2CBDDF8E00CE2729 /* Image_steganography_by_sofiaeTests */,
				9DDFF8762CBDDF8E00CE2729 /* Image_steganography_by_sofiaeUITests */,
			);
		};
/* End PBXProject section */

/* Begin PBXResourcesBuildPhase section */
		9DDFF8592CBDDF8C00CE2729 /* Resources */ = {
			isa = PBXResourcesBuildPhase;
			buildActionMask = 2147483647;
			files = (
			);
			runOnlyForDeploymentPostprocessing = 0;
		};
		9DDFF86B2CBDDF8E00CE2729 /* Resources */ = {
			isa = PBXResourcesBuildPhase;
			buildActionMask = 2147483647;
			files = (
			);
			runOnlyForDeploymentPostprocessing = 0;
		};
		9DDFF8752CBDDF8E00CE2729 /* Resources */ = {
			isa = PBXResourcesBuildPhase;
			buildActionMask = 2147483647;
			files = (
			);
			runOnlyForDeploymentPostprocessing = 0;
		};
/* End PBXResourcesBuildPhase section */

/* Begin PBXSourcesBuildPhase section */
		9DDFF8572CBDDF8C00CE2729 /* Sources */ = {
			isa = PBXSourcesBuildPhase;
			buildActionMask = 2147483647;
			files = (
			);
			runOnlyForDeploymentPostprocessing = 0;
		};
		9DDFF8692CBDDF8E00CE2729 /* Sources */ = {
			isa = PBXSourcesBuildPhase;
			buildActionMask = 2147483647;
			files = (
			);
			runOnlyForDeploymentPostprocessing = 0;
		};
		9DDFF8732CBDDF8E00CE2729 /* Sources */ = {
			isa = PBXSourcesBuildPhase;
			buildActionMask = 2147483647;
			files = (
			);
			runOnlyForDeploymentPostprocessing = 0;
		};
/* End PBXSourcesBuildPhase section */

/* Begin PBXTargetDependency section */
		9DDFF86F2CBDDF8E00CE2729 /* PBXTargetDependency */ = {
			isa = PBXTargetDependency;
			target = 9DDFF85A2CBDDF8C00CE2729 /* Image_steganography_by_sofiae */;
			targetProxy = 9DDFF86E2CBDDF8E00CE2729 /* PBXContainerItemProxy */;
		};
		9DDFF8792CBDDF8E00CE2729 /* PBXTargetDependency */ = {
			isa = PBXTargetDependency;
			target = 9DDFF85A2CBDDF8C00CE2729 /* Image_steganography_by_sofiae */;
			targetProxy = 9DDFF8782CBDDF8E00CE2729 /* PBXContainerItemProxy */;
		};
/* End PBXTargetDependency section */

/* Begin XCBuildConfiguration section */
		9DDFF87F2CBDDF8E00CE2729 /* Debug */ = {
			isa = XCBuildConfiguration;
			buildSettings = {
				ALWAYS_SEARCH_USER_PATHS = NO;
				ASSETCATALOG_COMPILER_GENERATE_SWIFT_ASSET_SYMBOL_EXTENSIONS = YES;
				CLANG_ANALYZER_NONNULL = YES;
				CLANG_ANALYZER_NUMBER_OBJECT_CONVERSION = YES_AGGRESSIVE;
				CLANG_CXX_LANGUAGE_STANDARD = "gnu++20";
				CLANG_ENABLE_MODULES = YES;
				CLANG_ENABLE_OBJC_ARC = YES;
				CLANG_ENABLE_OBJC_WEAK = YES;
				CLANG_WARN_BLOCK_CAPTURE_AUTORELEASING = YES;
				CLANG_WARN_BOOL_CONVERSION = YES;
				CLANG_WARN_COMMA = YES;
				CLANG_WARN_CONSTANT_CONVERSION = YES;
				CLANG_WARN_DEPRECATED_OBJC_IMPLEMENTATIONS = YES;
				CLANG_WARN_DIRECT_OBJC_ISA_USAGE = YES_ERROR;
				CLANG_WARN_DOCUMENTATION_COMMENTS = YES;
				CLANG_WARN_EMPTY_BODY = YES;
				CLANG_WARN_ENUM_CONVERSION = YES;
				CLANG_WARN_INFINITE_RECURSION = YES;
				CLANG_WARN_INT_CONVERSION = YES;
				CLANG_WARN_NON_LITERAL_NULL_CONVERSION = YES;
				CLANG_WARN_OBJC_IMPLICIT_RETAIN_SELF = YES;
				CLANG_WARN_OBJC_LITERAL_CONVERSION = YES;
				CLANG_WARN_OBJC_ROOT_CLASS = YES_ERROR;
				CLANG_WARN_QUOTED_INCLUDE_IN_FRAMEWORK_HEADER = YES;
				CLANG_WARN_RANGE_LOOP_ANALYSIS = YES;
				CLANG_WARN_STRICT_PROTOTYPES = YES;
				CLANG_WARN_SUSPICIOUS_MOVE = YES;
				CLANG_WARN_UNGUARDED_AVAILABILITY = YES_AGGRESSIVE;
				CLANG_WARN_UNREACHABLE_CODE = YES;
				CLANG_WARN__DUPLICATE_METHOD_MATCH = YES;
				COPY_PHASE_STRIP = NO;
				DEBUG_INFORMATION_FORMAT = dwarf;
				ENABLE_STRICT_OBJC_MSGSEND = YES;
				ENABLE_TESTABILITY = YES;
				ENABLE_USER_SCRIPT_SANDBOXING = YES;
				GCC_C_LANGUAGE_STANDARD = gnu17;
				GCC_DYNAMIC_NO_PIC = NO;
				GCC_NO_COMMON_BLOCKS = YES;
				GCC_OPTIMIZATION_LEVEL = 0;
				GCC_PREPROCESSOR_DEFINITIONS = (
					"DEBUG=1",
					"$(inherited)",
				);
				GCC_WARN_64_TO_32_BIT_CONVERSION = YES;
				GCC_WARN_ABOUT_RETURN_TYPE = YES_ERROR;
				GCC_WARN_UNDECLARED_SELECTOR = YES;
				GCC_WARN_UNINITIALIZED_AUTOS = YES_AGGRESSIVE;
				GCC_WARN_UNUSED_FUNCTION = YES;
				GCC_WARN_UNUSED_VARIABLE = YES;
				IPHONEOS_DEPLOYMENT_TARGET = 18.0;
				LOCALIZATION_PREFERS_STRING_CATALOGS = YES;
				MTL_ENABLE_DEBUG_INFO = INCLUDE_SOURCE;
				MTL_FAST_MATH = YES;
				ONLY_ACTIVE_ARCH = YES;
				SDKROOT = iphoneos;
				SWIFT_ACTIVE_COMPILATION_CONDITIONS = "DEBUG $(inherited)";
				SWIFT_OPTIMIZATION_LEVEL = "-Onone";
			};
			name = Debug;
		};
		9DDFF8802CBDDF8E00CE2729 /* Release */ = {
			isa = XCBuildConfiguration;
			buildSettings = {
				ALWAYS_SEARCH_USER_PATHS = NO;
				ASSETCATALOG_COMPILER_GENERATE_SWIFT_ASSET_SYMBOL_EXTENSIONS = YES;
				CLANG_ANALYZER_NONNULL = YES;
				CLANG_ANALYZER_NUMBER_OBJECT_CONVERSION = YES_AGGRESSIVE;
				CLANG_CXX_LANGUAGE_STANDARD = "gnu++20";
				CLANG_ENABLE_MODULES = YES;
				CLANG_ENABLE_OBJC_ARC = YES;
				CLANG_ENABLE_OBJC_WEAK = YES;
				CLANG_WARN_BLOCK_CAPTURE_AUTORELEASING = YES;
				CLANG_WARN_BOOL_CONVERSION = YES;
				CLANG_WARN_COMMA = YES;
				CLANG_WARN_CONSTANT_CONVERSION = YES;
				CLANG_WARN_DEPRECATED_OBJC_IMPLEMENTATIONS = YES;
				CLANG_WARN_DIRECT_OBJC_ISA_USAGE = YES_ERROR;
				CLANG_WARN_DOCUMENTATION_COMMENTS = YES;
				CLANG_WARN_EMPTY_BODY = YES;
				CLANG_WARN_ENUM_CONVERSION = YES;
				CLANG_WARN_INFINITE_RECURSION = YES;
				CLANG_WARN_INT_CONVERSION = YES;
				CLANG_WARN_NON_LITERAL_NULL_CONVERSION = YES;
				CLANG_WARN_OBJC_IMPLICIT_RETAIN_SELF = YES;
				CLANG_WARN_OBJC_LITERAL_CONVERSION = YES;
				CLANG_WARN_OBJC_ROOT_CLASS = YES_ERROR;
				CLANG_WARN_QUOTED_INCLUDE_IN_FRAMEWORK_HEADER = YES;
				CLANG_WARN_RANGE_LOOP_ANALYSIS = YES;
				CLANG_WARN_STRICT_PROTOTYPES = YES;
				CLANG_WARN_SUSPICIOUS_MOVE = YES;
				CLANG_WARN_UNGUARDED_AVAILABILITY = YES_AGGRESSIVE;
				CLANG_WARN_UNREACHABLE_CODE = YES;
				CLANG_WARN__DUPLICATE_METHOD_MATCH = YES;
				COPY_PHASE_STRIP = NO;
				DEBUG_INFORMATION_FORMAT = "dwarf-with-dsym";
				ENABLE_NS_ASSERTIONS = NO;
				ENABLE_STRICT_OBJC_MSGSEND = YES;
				ENABLE_USER_SCRIPT_SANDBOXING = YES;
				GCC_C_LANGUAGE_STANDARD = gnu17;
				GCC_NO_COMMON_BLOCKS = YES;
				GCC_WARN_64_TO_32_BIT_CONVERSION = YES;
				GCC_WARN_ABOUT_RETURN_TYPE = YES_ERROR;
				GCC_WARN_UNDECLARED_SELECTOR = YES;
				GCC_WARN_UNINITIALIZED_AUTOS = YES_AGGRESSIVE;
				GCC_WARN_UNUSED_FUNCTION = YES;
				GCC_WARN_UNUSED_VARIABLE = YES;
				IPHONEOS_DEPLOYMENT_TARGET = 18.0;
				LOCALIZATION_PREFERS_STRING_CATALOGS = YES;
				MTL_ENABLE_DEBUG_INFO = NO;
				MTL_FAST_MATH = YES;
				SDKROOT = iphoneos;
				SWIFT_COMPILATION_MODE = wholemodule;
				VALIDATE_PRODUCT = YES;
			};
			name = Release;
		};
		9DDFF8822CBDDF8E00CE2729 /* Debug */ = {
			isa = XCBuildConfiguration;
			buildSettings = {
				ASSETCATALOG_COMPILER_APPICON_NAME = AppIcon;
				ASSETCATALOG_COMPILER_GLOBAL_ACCENT_COLOR_NAME = AccentColor;
				CODE_SIGN_STYLE = Automatic;
				CURRENT_PROJECT_VERSION = 1;
				DEVELOPMENT_ASSET_PATHS = "\"Image_steganography_by_sofiae/Preview Content\"";
				DEVELOPMENT_TEAM = 46MMRJ2PGD;
				ENABLE_PREVIEWS = YES;
				GENERATE_INFOPLIST_FILE = YES;
				INFOPLIST_FILE = "Image-steganography-by-sofiae-Info.plist";
				INFOPLIST_KEY_NSPhotoLibraryAddUsageDescription = "We need access to your photo library to save the encoded image";
				INFOPLIST_KEY_NSPhotoLibraryUsageDescription = "";
				INFOPLIST_KEY_UIApplicationSceneManifest_Generation = YES;
				INFOPLIST_KEY_UIApplicationSupportsIndirectInputEvents = YES;
				INFOPLIST_KEY_UILaunchScreen_Generation = YES;
				INFOPLIST_KEY_UISupportedInterfaceOrientations_iPad = "UIInterfaceOrientationPortrait UIInterfaceOrientationPortraitUpsideDown UIInterfaceOrientationLandscapeLeft UIInterfaceOrientationLandscapeRight";
				INFOPLIST_KEY_UISupportedInterfaceOrientations_iPhone = "UIInterfaceOrientationPortrait UIInterfaceOrientationLandscapeLeft UIInterfaceOrientationLandscapeRight";
				IPHONEOS_DEPLOYMENT_TARGET = 17.5;
				LD_RUNPATH_SEARCH_PATHS = (
					"$(inherited)",
					"@executable_path/Frameworks",
				);
				MARKETING_VERSION = 1.0;
				PRODUCT_BUNDLE_IDENTIFIER = "IS.Image-steganography-by-sofiae";
				PRODUCT_NAME = "$(TARGET_NAME)";
				SWIFT_EMIT_LOC_STRINGS = YES;
				SWIFT_VERSION = 5.0;
				TARGETED_DEVICE_FAMILY = "1,2";
			};
			name = Debug;
		};
		9DDFF8832CBDDF8E00CE2729 /* Release */ = {
			isa = XCBuildConfiguration;
			buildSettings = {
				ASSETCATALOG_COMPILER_APPICON_NAME = AppIcon;
				ASSETCATALOG_COMPILER_GLOBAL_ACCENT_COLOR_NAME = AccentColor;
				CODE_SIGN_STYLE = Automatic;
				CURRENT_PROJECT_VERSION = 1;
				DEVELOPMENT_ASSET_PATHS = "\"Image_steganography_by_sofiae/Preview Content\"";
				DEVELOPMENT_TEAM = 46MMRJ2PGD;
				ENABLE_PREVIEWS = YES;
				GENERATE_INFOPLIST_FILE = YES;
				INFOPLIST_FILE = "Image-steganography-by-sofiae-Info.plist";
				INFOPLIST_KEY_NSPhotoLibraryAddUsageDescription = "We need access to your photo library to save the encoded image";
				INFOPLIST_KEY_NSPhotoLibraryUsageDescription = "";
				INFOPLIST_KEY_UIApplicationSceneManifest_Generation = YES;
				INFOPLIST_KEY_UIApplicationSupportsIndirectInputEvents = YES;
				INFOPLIST_KEY_UILaunchScreen_Generation = YES;
				INFOPLIST_KEY_UISupportedInterfaceOrientations_iPad = "UIInterfaceOrientationPortrait UIInterfaceOrientationPortraitUpsideDown UIInterfaceOrientationLandscapeLeft UIInterfaceOrientationLandscapeRight";
				INFOPLIST_KEY_UISupportedInterfaceOrientations_iPhone = "UIInterfaceOrientationPortrait UIInterfaceOrientationLandscapeLeft UIInterfaceOrientationLandscapeRight";
				IPHONEOS_DEPLOYMENT_TARGET = 17.5;
				LD_RUNPATH_SEARCH_PATHS = (
					"$(inherited)",
					"@executable_path/Frameworks",
				);
				MARKETING_VERSION = 1.0;
				PRODUCT_BUNDLE_IDENTIFIER = "IS.Image-steganography-by-sofiae";
				PRODUCT_NAME = "$(TARGET_NAME)";
				SWIFT_EMIT_LOC_STRINGS = YES;
				SWIFT_VERSION = 5.0;
				TARGETED_DEVICE_FAMILY = "1,2";
			};
			name = Release;
		};
		9DDFF8852CBDDF8E00CE2729 /* Debug */ = {
			isa = XCBuildConfiguration;
			buildSettings = {
				BUNDLE_LOADER = "$(TEST_HOST)";
				CODE_SIGN_STYLE = Automatic;
				CURRENT_PROJECT_VERSION = 1;
				DEVELOPMENT_TEAM = 46MMRJ2PGD;
				GENERATE_INFOPLIST_FILE = YES;
				IPHONEOS_DEPLOYMENT_TARGET = 18.0;
				MARKETING_VERSION = 1.0;
				PRODUCT_BUNDLE_IDENTIFIER = "IS.Image-steganography-by-sofiaeTests";
				PRODUCT_NAME = "$(TARGET_NAME)";
				SWIFT_EMIT_LOC_STRINGS = NO;
				SWIFT_VERSION = 5.0;
				TARGETED_DEVICE_FAMILY = "1,2";
				TEST_HOST = "$(BUILT_PRODUCTS_DIR)/Image_steganography_by_sofiae.app/$(BUNDLE_EXECUTABLE_FOLDER_PATH)/Image_steganography_by_sofiae";
			};
			name = Debug;
		};
		9DDFF8862CBDDF8E00CE2729 /* Release */ = {
			isa = XCBuildConfiguration;
			buildSettings = {
				BUNDLE_LOADER = "$(TEST_HOST)";
				CODE_SIGN_STYLE = Automatic;
				CURRENT_PROJECT_VERSION = 1;
				DEVELOPMENT_TEAM = 46MMRJ2PGD;
				GENERATE_INFOPLIST_FILE = YES;
				IPHONEOS_DEPLOYMENT_TARGET = 18.0;
				MARKETING_VERSION = 1.0;
				PRODUCT_BUNDLE_IDENTIFIER = "IS.Image-steganography-by-sofiaeTests";
				PRODUCT_NAME = "$(TARGET_NAME)";
				SWIFT_EMIT_LOC_STRINGS = NO;
				SWIFT_VERSION = 5.0;
				TARGETED_DEVICE_FAMILY = "1,2";
				TEST_HOST = "$(BUILT_PRODUCTS_DIR)/Image_steganography_by_sofiae.app/$(BUNDLE_EXECUTABLE_FOLDER_PATH)/Image_steganography_by_sofiae";
			};
			name = Release;
		};
		9DDFF8882CBDDF8E00CE2729 /* Debug */ = {
			isa = XCBuildConfiguration;
			buildSettings = {
				CODE_SIGN_STYLE = Automatic;
				CURRENT_PROJECT_VERSION = 1;
				DEVELOPMENT_TEAM = 46MMRJ2PGD;
				GENERATE_INFOPLIST_FILE = YES;
				MARKETING_VERSION = 1.0;
				PRODUCT_BUNDLE_IDENTIFIER = "IS.Image-steganography-by-sofiaeUITests";
				PRODUCT_NAME = "$(TARGET_NAME)";
				SWIFT_EMIT_LOC_STRINGS = NO;
				SWIFT_VERSION = 5.0;
				TARGETED_DEVICE_FAMILY = "1,2";
				TEST_TARGET_NAME = Image_steganography_by_sofiae;
			};
			name = Debug;
		};
		9DDFF8892CBDDF8E00CE2729 /* Release */ = {
			isa = XCBuildConfiguration;
			buildSettings = {
				CODE_SIGN_STYLE = Automatic;
				CURRENT_PROJECT_VERSION = 1;
				DEVELOPMENT_TEAM = 46MMRJ2PGD;
				GENERATE_INFOPLIST_FILE = YES;
				MARKETING_VERSION = 1.0;
				PRODUCT_BUNDLE_IDENTIFIER = "IS.Image-steganography-by-sofiaeUITests";
				PRODUCT_NAME = "$(TARGET_NAME)";
				SWIFT_EMIT_LOC_STRINGS = NO;
				SWIFT_VERSION = 5.0;
				TARGETED_DEVICE_FAMILY = "1,2";
				TEST_TARGET_NAME = Image_steganography_by_sofiae;
			};
			name = Release;
		};
/* End XCBuildConfiguration section */

/* Begin XCConfigurationList section */
		9DDFF8562CBDDF8C00CE2729 /* Build configuration list for PBXProject "Image_steganography_by_sofiae" */ = {
			isa = XCConfigurationList;
			buildConfigurations = (
				9DDFF87F2CBDDF8E00CE2729 /* Debug */,
				9DDFF8802CBDDF8E00CE2729 /* Release */,
			);
			defaultConfigurationIsVisible = 0;
			defaultConfigurationName = Release;
		};
		9DDFF8812CBDDF8E00CE2729 /* Build configuration list for PBXNativeTarget "Image_steganography_by_sofiae" */ = {
			isa = XCConfigurationList;
			buildConfigurations = (
				9DDFF8822CBDDF8E00CE2729 /* Debug */,
				9DDFF8832CBDDF8E00CE2729 /* Release */,
			);
			defaultConfigurationIsVisible = 0;
			defaultConfigurationName = Release;
		};
		9DDFF8842CBDDF8E00CE2729 /* Build configuration list for PBXNativeTarget "Image_steganography_by_sofiaeTests" */ = {
			isa = XCConfigurationList;
			buildConfigurations = (
				9DDFF8852CBDDF8E00CE2729 /* Debug */,
				9DDFF8862CBDDF8E00CE2729 /* Release */,
			);
			defaultConfigurationIsVisible = 0;
			defaultConfigurationName = Release;
		};
		9DDFF8872CBDDF8E00CE2729 /* Build configuration list for PBXNativeTarget "Image_steganography_by_sofiaeUITests" */ = {
			isa = XCConfigurationList;
			buildConfigurations = (
				9DDFF8882CBDDF8E00CE2729 /* Debug */,
				9DDFF8892CBDDF8E00CE2729 /* Release */,
			);
			defaultConfigurationIsVisible = 0;
			defaultConfigurationName = Release;
		};
/* End XCConfigurationList section */

/* Begin XCRemoteSwiftPackageReference section */
		9D05A6402CD2DB9100078F77 /* XCRemoteSwiftPackageReference "firebase-ios-sdk" */ = {
			isa = XCRemoteSwiftPackageReference;
			repositoryURL = "https://github.com/firebase/firebase-ios-sdk";
			requirement = {
				kind = upToNextMajorVersion;
				minimumVersion = 11.4.0;
			};
		};
/* End XCRemoteSwiftPackageReference section */

/* Begin XCSwiftPackageProductDependency section */
		9D05A6412CD2DB9100078F77 /* FirebaseAnalytics */ = {
			isa = XCSwiftPackageProductDependency;
			package = 9D05A6402CD2DB9100078F77 /* XCRemoteSwiftPackageReference "firebase-ios-sdk" */;
			productName = FirebaseAnalytics;
		};
		9D05A6432CD2DB9100078F77 /* FirebaseAnalyticsOnDeviceConversion */ = {
			isa = XCSwiftPackageProductDependency;
			package = 9D05A6402CD2DB9100078F77 /* XCRemoteSwiftPackageReference "firebase-ios-sdk" */;
			productName = FirebaseAnalyticsOnDeviceConversion;
		};
		9D05A6452CD2DB9100078F77 /* FirebaseAnalyticsWithoutAdIdSupport */ = {
			isa = XCSwiftPackageProductDependency;
			package = 9D05A6402CD2DB9100078F77 /* XCRemoteSwiftPackageReference "firebase-ios-sdk" */;
			productName = FirebaseAnalyticsWithoutAdIdSupport;
		};
		9D05A6472CD2DB9100078F77 /* FirebaseAppCheck */ = {
			isa = XCSwiftPackageProductDependency;
			package = 9D05A6402CD2DB9100078F77 /* XCRemoteSwiftPackageReference "firebase-ios-sdk" */;
			productName = FirebaseAppCheck;
		};
		9D05A6492CD2DB9100078F77 /* FirebaseAppDistribution-Beta */ = {
			isa = XCSwiftPackageProductDependency;
			package = 9D05A6402CD2DB9100078F77 /* XCRemoteSwiftPackageReference "firebase-ios-sdk" */;
			productName = "FirebaseAppDistribution-Beta";
		};
		9D05A64B2CD2DDB100078F77 /* FirebaseAnalytics */ = {
			isa = XCSwiftPackageProductDependency;
			package = 9D05A6402CD2DB9100078F77 /* XCRemoteSwiftPackageReference "firebase-ios-sdk" */;
			productName = FirebaseAnalytics;
		};
		9D05A64D2CD2DDB100078F77 /* FirebaseAnalyticsOnDeviceConversion */ = {
			isa = XCSwiftPackageProductDependency;
			package = 9D05A6402CD2DB9100078F77 /* XCRemoteSwiftPackageReference "firebase-ios-sdk" */;
			productName = FirebaseAnalyticsOnDeviceConversion;
		};
		9D05A64F2CD2DDB100078F77 /* FirebaseAnalyticsWithoutAdIdSupport */ = {
			isa = XCSwiftPackageProductDependency;
			package = 9D05A6402CD2DB9100078F77 /* XCRemoteSwiftPackageReference "firebase-ios-sdk" */;
			productName = FirebaseAnalyticsWithoutAdIdSupport;
		};
		9D05A6512CD2DDB100078F77 /* FirebaseAppCheck */ = {
			isa = XCSwiftPackageProductDependency;
			package = 9D05A6402CD2DB9100078F77 /* XCRemoteSwiftPackageReference "firebase-ios-sdk" */;
			productName = FirebaseAppCheck;
		};
		9D05A6532CD2DDB100078F77 /* FirebaseAppDistribution-Beta */ = {
			isa = XCSwiftPackageProductDependency;
			package = 9D05A6402CD2DB9100078F77 /* XCRemoteSwiftPackageReference "firebase-ios-sdk" */;
			productName = "FirebaseAppDistribution-Beta";
		};
		9D05A6552CD2DDCF00078F77 /* FirebaseAnalytics */ = {
			isa = XCSwiftPackageProductDependency;
			package = 9D05A6402CD2DB9100078F77 /* XCRemoteSwiftPackageReference "firebase-ios-sdk" */;
			productName = FirebaseAnalytics;
		};
		9D05A6572CD2DDCF00078F77 /* FirebaseAnalyticsOnDeviceConversion */ = {
			isa = XCSwiftPackageProductDependency;
			package = 9D05A6402CD2DB9100078F77 /* XCRemoteSwiftPackageReference "firebase-ios-sdk" */;
			productName = FirebaseAnalyticsOnDeviceConversion;
		};
		9D05A6592CD2DDCF00078F77 /* FirebaseAnalyticsWithoutAdIdSupport */ = {
			isa = XCSwiftPackageProductDependency;
			package = 9D05A6402CD2DB9100078F77 /* XCRemoteSwiftPackageReference "firebase-ios-sdk" */;
			productName = FirebaseAnalyticsWithoutAdIdSupport;
		};
		9D05A65B2CD2DDCF00078F77 /* FirebaseAppCheck */ = {
			isa = XCSwiftPackageProductDependency;
			package = 9D05A6402CD2DB9100078F77 /* XCRemoteSwiftPackageReference "firebase-ios-sdk" */;
			productName = FirebaseAppCheck;
		};
		9D05A65D2CD2DDCF00078F77 /* FirebaseAppDistribution-Beta */ = {
			isa = XCSwiftPackageProductDependency;
			package = 9D05A6402CD2DB9100078F77 /* XCRemoteSwiftPackageReference "firebase-ios-sdk" */;
			productName = "FirebaseAppDistribution-Beta";
		};
		9D05A6602CD2E37B00078F77 /* FirebaseAuth */ = {
			isa = XCSwiftPackageProductDependency;
			package = 9D05A6402CD2DB9100078F77 /* XCRemoteSwiftPackageReference "firebase-ios-sdk" */;
			productName = FirebaseAuth;
		};
		9D05A6792CD2E80500078F77 /* FirebaseCore */ = {
			isa = XCSwiftPackageProductDependency;
			package = 9D05A6402CD2DB9100078F77 /* XCRemoteSwiftPackageReference "firebase-ios-sdk" */;
			productName = FirebaseCore;
		};
/* End XCSwiftPackageProductDependency section */
	};
	rootObject = 9DDFF8532CBDDF8C00CE2729 /* Project object */;
}
